
Microsoft Visual Studio Solution File, Format Version 12.00
# Visual Studio 15
VisualStudioVersion = 15.0.28307.902
MinimumVisualStudioVersion = 10.0.40219.1
Project("{FAE04EC0-301F-11D3-BF4B-00C04F79EFBC}") = "Checkout", "Checkout\Checkout.csproj", "{836FD93B-054C-4951-A153-89678B608AA1}"
EndProject
Global
	GlobalSection(SolutionConfigurationPlatforms) = preSolution
		Debug|Any CPU = Debug|Any CPU
		Release|Any CPU = Release|Any CPU
	EndGlobalSection
	GlobalSection(ProjectConfigurationPlatforms) = postSolution
		{836FD93B-054C-4951-A153-89678B608AA1}.Debug|Any CPU.ActiveCfg = Debug|Any CPU
		{836FD93B-054C-4951-A153-89678B608AA1}.Debug|Any CPU.Build.0 = Debug|Any CPU
		{836FD93B-054C-4951-A153-89678B608AA1}.Release|Any CPU.ActiveCfg = Release|Any CPU
		{836FD93B-054C-4951-A153-89678B608AA1}.Release|Any CPU.Build.0 = Release|Any CPU
	EndGlobalSection
	GlobalSection(SolutionProperties) = preSolution
		HideSolutionNode = FALSE
	EndGlobalSection
	GlobalSection(ExtensibilityGlobals) = postSolution
		SolutionGuid = {CC34679D-420A-4E28-A923-961E75C3F885}
	EndGlobalSection
EndGlobal
